
Microsoft Visual Studio Solution File, Format Version 12.00
# Visual Studio 2012
Project("{FAE04EC0-301F-11D3-BF4B-00C04F79EFBC}") = "AsynchrounousProgrammingModel", "AsynchrounousProgrammingModel\AsynchrounousProgrammingModel.csproj", "{AEF6F5CB-8B5F-4511-8BA5-7DB0D63ABDC8}"
EndProject
Project("{FAE04EC0-301F-11D3-BF4B-00C04F79EFBC}") = "AsyncFramework", "AsyncFramework\AsyncFramework.csproj", "{16F84CBF-C2E1-49F3-AA33-42FD25FD9E0E}"
EndProject
Project("{FAE04EC0-301F-11D3-BF4B-00C04F79EFBC}") = "EventbasedAsynchronousPattern", "EventbasedAsynchronousPattern\EventbasedAsynchronousPattern.csproj", "{8D1DC177-B3B1-4F1C-A459-6893EE1AD508}"
EndProject
Project("{FAE04EC0-301F-11D3-BF4B-00C04F79EFBC}") = "TaskbasedAsynchronousPattern", "TaskbasedAsynchronousPattern\TaskbasedAsynchronousPattern.csproj", "{04978AA8-1B8E-418C-8498-4189D0A8D67E}"
EndProject
Project("{FAE04EC0-301F-11D3-BF4B-00C04F79EFBC}") = "ThreadSynchronization", "ThreadSynchronization\ThreadSynchronization.csproj", "{4C6ED7BD-3B1C-4CCC-96B6-84E52F31669E}"
EndProject
Global
	GlobalSection(SolutionConfigurationPlatforms) = preSolution
		Debug|Any CPU = Debug|Any CPU
		Release|Any CPU = Release|Any CPU
	EndGlobalSection
	GlobalSection(ProjectConfigurationPlatforms) = postSolution
		{AEF6F5CB-8B5F-4511-8BA5-7DB0D63ABDC8}.Debug|Any CPU.ActiveCfg = Debug|Any CPU
		{AEF6F5CB-8B5F-4511-8BA5-7DB0D63ABDC8}.Debug|Any CPU.Build.0 = Debug|Any CPU
		{AEF6F5CB-8B5F-4511-8BA5-7DB0D63ABDC8}.Release|Any CPU.ActiveCfg = Release|Any CPU
		{AEF6F5CB-8B5F-4511-8BA5-7DB0D63ABDC8}.Release|Any CPU.Build.0 = Release|Any CPU
		{16F84CBF-C2E1-49F3-AA33-42FD25FD9E0E}.Debug|Any CPU.ActiveCfg = Debug|Any CPU
		{16F84CBF-C2E1-49F3-AA33-42FD25FD9E0E}.Debug|Any CPU.Build.0 = Debug|Any CPU
		{16F84CBF-C2E1-49F3-AA33-42FD25FD9E0E}.Release|Any CPU.ActiveCfg = Release|Any CPU
		{16F84CBF-C2E1-49F3-AA33-42FD25FD9E0E}.Release|Any CPU.Build.0 = Release|Any CPU
		{8D1DC177-B3B1-4F1C-A459-6893EE1AD508}.Debug|Any CPU.ActiveCfg = Debug|Any CPU
		{8D1DC177-B3B1-4F1C-A459-6893EE1AD508}.Debug|Any CPU.Build.0 = Debug|Any CPU
		{8D1DC177-B3B1-4F1C-A459-6893EE1AD508}.Release|Any CPU.ActiveCfg = Release|Any CPU
		{8D1DC177-B3B1-4F1C-A459-6893EE1AD508}.Release|Any CPU.Build.0 = Release|Any CPU
		{04978AA8-1B8E-418C-8498-4189D0A8D67E}.Debug|Any CPU.ActiveCfg = Debug|Any CPU
		{04978AA8-1B8E-418C-8498-4189D0A8D67E}.Debug|Any CPU.Build.0 = Debug|Any CPU
		{04978AA8-1B8E-418C-8498-4189D0A8D67E}.Release|Any CPU.ActiveCfg = Release|Any CPU
		{04978AA8-1B8E-418C-8498-4189D0A8D67E}.Release|Any CPU.Build.0 = Release|Any CPU
		{4C6ED7BD-3B1C-4CCC-96B6-84E52F31669E}.Debug|Any CPU.ActiveCfg = Debug|Any CPU
		{4C6ED7BD-3B1C-4CCC-96B6-84E52F31669E}.Debug|Any CPU.Build.0 = Debug|Any CPU
		{4C6ED7BD-3B1C-4CCC-96B6-84E52F31669E}.Release|Any CPU.ActiveCfg = Release|Any CPU
		{4C6ED7BD-3B1C-4CCC-96B6-84E52F31669E}.Release|Any CPU.Build.0 = Release|Any CPU
	EndGlobalSection
	GlobalSection(SolutionProperties) = preSolution
		HideSolutionNode = FALSE
	EndGlobalSection
EndGlobal
